
Microsoft Visual Studio Solution File, Format Version 12.00
# Visual Studio 14
VisualStudioVersion = 14.0.23107.0
MinimumVisualStudioVersion = 10.0.40219.1
Project("{FAE04EC0-301F-11D3-BF4B-00C04F79EFBC}") = "XOR", "MatasanoChallenge\XOR.csproj", "{8B460196-7AE1-4D2C-9E12-FD1E02DBED30}"
EndProject
Project("{FAE04EC0-301F-11D3-BF4B-00C04F79EFBC}") = "Single-byte XOR", "Single-byte XOR\Single-byte XOR.csproj", "{8F2DA394-D0ED-46A2-BED4-966867C990D5}"
EndProject
Project("{FAE04EC0-301F-11D3-BF4B-00C04F79EFBC}") = "DetectSingleByteXor", "DetectSingleByteXor\DetectSingleByteXor.csproj", "{198F2DA2-A60B-464F-B4AA-F8A950AE78FF}"
EndProject
Project("{FAE04EC0-301F-11D3-BF4B-00C04F79EFBC}") = "repeating-key XOR", "repeating-key XOR\repeating-key XOR.csproj", "{8F81333C-C306-4636-A786-58914039317D}"
EndProject
Global
	GlobalSection(SolutionConfigurationPlatforms) = preSolution
		Debug|Any CPU = Debug|Any CPU
		Release|Any CPU = Release|Any CPU
	EndGlobalSection
	GlobalSection(ProjectConfigurationPlatforms) = postSolution
		{8B460196-7AE1-4D2C-9E12-FD1E02DBED30}.Debug|Any CPU.ActiveCfg = Debug|Any CPU
		{8B460196-7AE1-4D2C-9E12-FD1E02DBED30}.Debug|Any CPU.Build.0 = Debug|Any CPU
		{8B460196-7AE1-4D2C-9E12-FD1E02DBED30}.Release|Any CPU.ActiveCfg = Release|Any CPU
		{8B460196-7AE1-4D2C-9E12-FD1E02DBED30}.Release|Any CPU.Build.0 = Release|Any CPU
		{8F2DA394-D0ED-46A2-BED4-966867C990D5}.Debug|Any CPU.ActiveCfg = Debug|Any CPU
		{8F2DA394-D0ED-46A2-BED4-966867C990D5}.Debug|Any CPU.Build.0 = Debug|Any CPU
		{8F2DA394-D0ED-46A2-BED4-966867C990D5}.Release|Any CPU.ActiveCfg = Release|Any CPU
		{8F2DA394-D0ED-46A2-BED4-966867C990D5}.Release|Any CPU.Build.0 = Release|Any CPU
		{198F2DA2-A60B-464F-B4AA-F8A950AE78FF}.Debug|Any CPU.ActiveCfg = Debug|Any CPU
		{198F2DA2-A60B-464F-B4AA-F8A950AE78FF}.Debug|Any CPU.Build.0 = Debug|Any CPU
		{198F2DA2-A60B-464F-B4AA-F8A950AE78FF}.Release|Any CPU.ActiveCfg = Release|Any CPU
		{198F2DA2-A60B-464F-B4AA-F8A950AE78FF}.Release|Any CPU.Build.0 = Release|Any CPU
		{8F81333C-C306-4636-A786-58914039317D}.Debug|Any CPU.ActiveCfg = Debug|Any CPU
		{8F81333C-C306-4636-A786-58914039317D}.Debug|Any CPU.Build.0 = Debug|Any CPU
		{8F81333C-C306-4636-A786-58914039317D}.Release|Any CPU.ActiveCfg = Release|Any CPU
		{8F81333C-C306-4636-A786-58914039317D}.Release|Any CPU.Build.0 = Release|Any CPU
	EndGlobalSection
	GlobalSection(SolutionProperties) = preSolution
		HideSolutionNode = FALSE
	EndGlobalSection
EndGlobal
